
Microsoft Visual Studio Solution File, Format Version 12.00
# Visual Studio Version 17
VisualStudioVersion = 17.0.31825.309
MinimumVisualStudioVersion = 10.0.40219.1
Project("{FAE04EC0-301F-11D3-BF4B-00C04F79EFBC}") = "SRE", "SRE\SRE.csproj", "{396A96BB-9D47-4AFB-83E2-0347705ECAEC}"
EndProject
Project("{FAE04EC0-301F-11D3-BF4B-00C04F79EFBC}") = "BusinessObjects", "BusinessObjects\BusinessObjects.csproj", "{23E2D5CF-9050-4EC6-8ACA-C66C58251271}"
EndProject
Global
	GlobalSection(SolutionConfigurationPlatforms) = preSolution
		Debug|Any CPU = Debug|Any CPU
		Release|Any CPU = Release|Any CPU
	EndGlobalSection
	GlobalSection(ProjectConfigurationPlatforms) = postSolution
		{396A96BB-9D47-4AFB-83E2-0347705ECAEC}.Debug|Any CPU.ActiveCfg = Debug|Any CPU
		{396A96BB-9D47-4AFB-83E2-0347705ECAEC}.Debug|Any CPU.Build.0 = Debug|Any CPU
		{396A96BB-9D47-4AFB-83E2-0347705ECAEC}.Release|Any CPU.ActiveCfg = Release|Any CPU
		{396A96BB-9D47-4AFB-83E2-0347705ECAEC}.Release|Any CPU.Build.0 = Release|Any CPU
		{23E2D5CF-9050-4EC6-8ACA-C66C58251271}.Debug|Any CPU.ActiveCfg = Debug|Any CPU
		{23E2D5CF-9050-4EC6-8ACA-C66C58251271}.Debug|Any CPU.Build.0 = Debug|Any CPU
		{23E2D5CF-9050-4EC6-8ACA-C66C58251271}.Release|Any CPU.ActiveCfg = Release|Any CPU
		{23E2D5CF-9050-4EC6-8ACA-C66C58251271}.Release|Any CPU.Build.0 = Release|Any CPU
	EndGlobalSection
	GlobalSection(SolutionProperties) = preSolution
		HideSolutionNode = FALSE
	EndGlobalSection
	GlobalSection(ExtensibilityGlobals) = postSolution
		SolutionGuid = {8BADB82C-675F-4F38-92E1-ED8C65368B59}
	EndGlobalSection
EndGlobal
